
Microsoft Visual Studio Solution File, Format Version 12.00
# Visual Studio Version 17
VisualStudioVersion = 17.2.32616.157
MinimumVisualStudioVersion = 10.0.40219.1
Project("{FAE04EC0-301F-11D3-BF4B-00C04F79EFBC}") = "Logging.Poc", "Logging.Poc\Logging.Poc.csproj", "{FB977DD6-2B50-4455-BE56-F52995BEA01A}"
EndProject
Global
	GlobalSection(SolutionConfigurationPlatforms) = preSolution
		Debug|Any CPU = Debug|Any CPU
		Release|Any CPU = Release|Any CPU
	EndGlobalSection
	GlobalSection(ProjectConfigurationPlatforms) = postSolution
		{FB977DD6-2B50-4455-BE56-F52995BEA01A}.Debug|Any CPU.ActiveCfg = Debug|Any CPU
		{FB977DD6-2B50-4455-BE56-F52995BEA01A}.Debug|Any CPU.Build.0 = Debug|Any CPU
		{FB977DD6-2B50-4455-BE56-F52995BEA01A}.Release|Any CPU.ActiveCfg = Release|Any CPU
		{FB977DD6-2B50-4455-BE56-F52995BEA01A}.Release|Any CPU.Build.0 = Release|Any CPU
	EndGlobalSection
	GlobalSection(SolutionProperties) = preSolution
		HideSolutionNode = FALSE
	EndGlobalSection
	GlobalSection(ExtensibilityGlobals) = postSolution
		SolutionGuid = {86E1C7F7-6F4A-4981-BDA9-E43B44E173D9}
	EndGlobalSection
EndGlobal
