
Microsoft Visual Studio Solution File, Format Version 12.00
# Visual Studio Version 17
VisualStudioVersion = 17.4.33213.308
MinimumVisualStudioVersion = 10.0.40219.1
Project("{FAE04EC0-301F-11D3-BF4B-00C04F79EFBC}") = "NetworkSchedulesGraph", "NetworkSchedulesGraph.csproj", "{96A47E4B-FD77-4FD3-AE3F-4F4F193F6240}"
EndProject
Global
	GlobalSection(SolutionConfigurationPlatforms) = preSolution
		Debug|Any CPU = Debug|Any CPU
		Release|Any CPU = Release|Any CPU
	EndGlobalSection
	GlobalSection(ProjectConfigurationPlatforms) = postSolution
		{96A47E4B-FD77-4FD3-AE3F-4F4F193F6240}.Debug|Any CPU.ActiveCfg = Debug|Any CPU
		{96A47E4B-FD77-4FD3-AE3F-4F4F193F6240}.Debug|Any CPU.Build.0 = Debug|Any CPU
		{96A47E4B-FD77-4FD3-AE3F-4F4F193F6240}.Release|Any CPU.ActiveCfg = Release|Any CPU
		{96A47E4B-FD77-4FD3-AE3F-4F4F193F6240}.Release|Any CPU.Build.0 = Release|Any CPU
	EndGlobalSection
	GlobalSection(SolutionProperties) = preSolution
		HideSolutionNode = FALSE
	EndGlobalSection
	GlobalSection(ExtensibilityGlobals) = postSolution
		SolutionGuid = {8292905A-BED8-4B49-957F-D945357DF890}
	EndGlobalSection
EndGlobal
